
Microsoft Visual Studio Solution File, Format Version 12.00
# Visual Studio Version 17
VisualStudioVersion = 17.9.34607.119
MinimumVisualStudioVersion = 10.0.40219.1
Project("{9A19103F-16F7-4668-BE54-9A1E7A4F7556}") = "OSK.Functions.Outputs.Abstractions", "OSK.Functions.Outputs.Abstractions\OSK.Functions.Outputs.Abstractions.csproj", "{788624A9-8F30-4A54-8244-E5032927A26D}"
EndProject
Project("{9A19103F-16F7-4668-BE54-9A1E7A4F7556}") = "OSK.Functions.Outputs", "OSK.Functions.Outputs\OSK.Functions.Outputs.csproj", "{7B44112F-08B3-41C3-839C-53C333A04E6F}"
EndProject
Project("{9A19103F-16F7-4668-BE54-9A1E7A4F7556}") = "OSK.Functions.Outputs.Logging", "OSK.Functions.Outputs.Logging\OSK.Functions.Outputs.Logging.csproj", "{83EB26CD-3373-4CE6-980C-D0893E7C41B7}"
EndProject
Project("{9A19103F-16F7-4668-BE54-9A1E7A4F7556}") = "OSK.Functions.Outputs.UnitTests", "OSK.Functions.Outputs.UnitTests\OSK.Functions.Outputs.UnitTests.csproj", "{FB88CB4C-CEE0-405E-A0BA-78ED50D81A16}"
EndProject
Project("{9A19103F-16F7-4668-BE54-9A1E7A4F7556}") = "OSK.Functions.Outputs.Logging.Abstractions", "OSK.Functions.Outputs.Logging.Abstractions\OSK.Functions.Outputs.Logging.Abstractions.csproj", "{BC5C9531-8393-4C5F-A75C-43B09B4F174B}"
EndProject
Project("{FAE04EC0-301F-11D3-BF4B-00C04F79EFBC}") = "OSK.Functions.Outputs.Logging.UnitTests", "OSK.Functions.Outputs.Logging.UnitTests\OSK.Functions.Outputs.Logging.UnitTests.csproj", "{1696B44C-0631-4506-8E2F-613887EE5CC8}"
EndProject
Project("{FAE04EC0-301F-11D3-BF4B-00C04F79EFBC}") = "OSK.Functions.Outputs.Mocks", "OSK.Functions.Outputs.Mocks\OSK.Functions.Outputs.Mocks.csproj", "{450DA46B-0484-4332-A196-E675686A17A8}"
EndProject
Global
	GlobalSection(SolutionConfigurationPlatforms) = preSolution
		Debug|Any CPU = Debug|Any CPU
		Release|Any CPU = Release|Any CPU
	EndGlobalSection
	GlobalSection(ProjectConfigurationPlatforms) = postSolution
		{788624A9-8F30-4A54-8244-E5032927A26D}.Debug|Any CPU.ActiveCfg = Debug|Any CPU
		{788624A9-8F30-4A54-8244-E5032927A26D}.Debug|Any CPU.Build.0 = Debug|Any CPU
		{788624A9-8F30-4A54-8244-E5032927A26D}.Release|Any CPU.ActiveCfg = Release|Any CPU
		{788624A9-8F30-4A54-8244-E5032927A26D}.Release|Any CPU.Build.0 = Release|Any CPU
		{7B44112F-08B3-41C3-839C-53C333A04E6F}.Debug|Any CPU.ActiveCfg = Debug|Any CPU
		{7B44112F-08B3-41C3-839C-53C333A04E6F}.Debug|Any CPU.Build.0 = Debug|Any CPU
		{7B44112F-08B3-41C3-839C-53C333A04E6F}.Release|Any CPU.ActiveCfg = Release|Any CPU
		{7B44112F-08B3-41C3-839C-53C333A04E6F}.Release|Any CPU.Build.0 = Release|Any CPU
		{83EB26CD-3373-4CE6-980C-D0893E7C41B7}.Debug|Any CPU.ActiveCfg = Debug|Any CPU
		{83EB26CD-3373-4CE6-980C-D0893E7C41B7}.Debug|Any CPU.Build.0 = Debug|Any CPU
		{83EB26CD-3373-4CE6-980C-D0893E7C41B7}.Release|Any CPU.ActiveCfg = Release|Any CPU
		{83EB26CD-3373-4CE6-980C-D0893E7C41B7}.Release|Any CPU.Build.0 = Release|Any CPU
		{FB88CB4C-CEE0-405E-A0BA-78ED50D81A16}.Debug|Any CPU.ActiveCfg = Debug|Any CPU
		{FB88CB4C-CEE0-405E-A0BA-78ED50D81A16}.Debug|Any CPU.Build.0 = Debug|Any CPU
		{FB88CB4C-CEE0-405E-A0BA-78ED50D81A16}.Release|Any CPU.ActiveCfg = Release|Any CPU
		{FB88CB4C-CEE0-405E-A0BA-78ED50D81A16}.Release|Any CPU.Build.0 = Release|Any CPU
		{BC5C9531-8393-4C5F-A75C-43B09B4F174B}.Debug|Any CPU.ActiveCfg = Debug|Any CPU
		{BC5C9531-8393-4C5F-A75C-43B09B4F174B}.Debug|Any CPU.Build.0 = Debug|Any CPU
		{BC5C9531-8393-4C5F-A75C-43B09B4F174B}.Release|Any CPU.ActiveCfg = Release|Any CPU
		{BC5C9531-8393-4C5F-A75C-43B09B4F174B}.Release|Any CPU.Build.0 = Release|Any CPU
		{1696B44C-0631-4506-8E2F-613887EE5CC8}.Debug|Any CPU.ActiveCfg = Debug|Any CPU
		{1696B44C-0631-4506-8E2F-613887EE5CC8}.Debug|Any CPU.Build.0 = Debug|Any CPU
		{1696B44C-0631-4506-8E2F-613887EE5CC8}.Release|Any CPU.ActiveCfg = Release|Any CPU
		{1696B44C-0631-4506-8E2F-613887EE5CC8}.Release|Any CPU.Build.0 = Release|Any CPU
		{450DA46B-0484-4332-A196-E675686A17A8}.Debug|Any CPU.ActiveCfg = Debug|Any CPU
		{450DA46B-0484-4332-A196-E675686A17A8}.Debug|Any CPU.Build.0 = Debug|Any CPU
		{450DA46B-0484-4332-A196-E675686A17A8}.Release|Any CPU.ActiveCfg = Release|Any CPU
		{450DA46B-0484-4332-A196-E675686A17A8}.Release|Any CPU.Build.0 = Release|Any CPU
	EndGlobalSection
	GlobalSection(SolutionProperties) = preSolution
		HideSolutionNode = FALSE
	EndGlobalSection
	GlobalSection(ExtensibilityGlobals) = postSolution
		SolutionGuid = {FE28A257-07B2-43D7-B4B0-AED87976F261}
	EndGlobalSection
EndGlobal
